// !$*UTF8*$!
{
	archiveVersion = 1;
	classes = {
	};
	objectVersion = 48;
	objects = {

/* Begin PBXBuildFile section */
		3D1E0AB9196EAD5A9BF3B3C5 /* Pods_WeatherTracker.framework in Frameworks */ = {isa = PBXBuildFile; fileRef = CA216E31BFEDBE81408B3790 /* Pods_WeatherTracker.framework */; };
		43154C6D1FE51BF4009FEFB0 /* MBProgressHUD.framework in Frameworks */ = {isa = PBXBuildFile; fileRef = 43154C6E1FE51BF4009FEFB0 /* MBProgressHUD.framework */; };
		433BA41E1FE2BCBB00986088 /* AppDelegate.swift in Sources */ = {isa = PBXBuildFile; fileRef = 433BA41D1FE2BCBB00986088 /* AppDelegate.swift */; };
		433BA4261FE2BCBB00986088 /* WeatherTracker.xcdatamodeld in Sources */ = {isa = PBXBuildFile; fileRef = 433BA4241FE2BCBB00986088 /* WeatherTracker.xcdatamodeld */; };
		433BA4281FE2BCBB00986088 /* Assets.xcassets in Resources */ = {isa = PBXBuildFile; fileRef = 433BA4271FE2BCBB00986088 /* Assets.xcassets */; };
		433BA4361FE2BCBB00986088 /* WeatherTrackerTests.swift in Sources */ = {isa = PBXBuildFile; fileRef = 433BA4351FE2BCBB00986088 /* WeatherTrackerTests.swift */; };
		433BA4411FE2BCBB00986088 /* WeatherTrackerUITests.swift in Sources */ = {isa = PBXBuildFile; fileRef = 433BA4401FE2BCBB00986088 /* WeatherTrackerUITests.swift */; };
		435014661FE6D65500335096 /* 10d.png in Resources */ = {isa = PBXBuildFile; fileRef = 435014561FE6D65400335096 /* 10d.png */; };
		435014671FE6D65500335096 /* 11n.png in Resources */ = {isa = PBXBuildFile; fileRef = 435014571FE6D65400335096 /* 11n.png */; };
		435014681FE6D65500335096 /* 01d.png in Resources */ = {isa = PBXBuildFile; fileRef = 435014581FE6D65400335096 /* 01d.png */; };
		435014691FE6D65500335096 /* 03n.png in Resources */ = {isa = PBXBuildFile; fileRef = 435014591FE6D65400335096 /* 03n.png */; };
		4350146A1FE6D65500335096 /* 04d.png in Resources */ = {isa = PBXBuildFile; fileRef = 4350145A1FE6D65400335096 /* 04d.png */; };
		4350146B1FE6D65500335096 /* 04n.png in Resources */ = {isa = PBXBuildFile; fileRef = 4350145B1FE6D65400335096 /* 04n.png */; };
		4350146C1FE6D65500335096 /* 09d.png in Resources */ = {isa = PBXBuildFile; fileRef = 4350145C1FE6D65400335096 /* 09d.png */; };
		4350146D1FE6D65500335096 /* 13n.png in Resources */ = {isa = PBXBuildFile; fileRef = 4350145D1FE6D65400335096 /* 13n.png */; };
		4350146E1FE6D65500335096 /* 13d.png in Resources */ = {isa = PBXBuildFile; fileRef = 4350145E1FE6D65400335096 /* 13d.png */; };
		4350146F1FE6D65500335096 /* 03d.png in Resources */ = {isa = PBXBuildFile; fileRef = 4350145F1FE6D65500335096 /* 03d.png */; };
		435014701FE6D65500335096 /* 11d.png in Resources */ = {isa = PBXBuildFile; fileRef = 435014601FE6D65500335096 /* 11d.png */; };
		435014711FE6D65500335096 /* 02n.png in Resources */ = {isa = PBXBuildFile; fileRef = 435014611FE6D65500335096 /* 02n.png */; };
		435014721FE6D65500335096 /* 02d.png in Resources */ = {isa = PBXBuildFile; fileRef = 435014621FE6D65500335096 /* 02d.png */; };
		435014731FE6D65500335096 /* 10n.png in Resources */ = {isa = PBXBuildFile; fileRef = 435014631FE6D65500335096 /* 10n.png */; };
		435014741FE6D65500335096 /* 09n.png in Resources */ = {isa = PBXBuildFile; fileRef = 435014641FE6D65500335096 /* 09n.png */; };
		435014751FE6D65500335096 /* 01n.png in Resources */ = {isa = PBXBuildFile; fileRef = 435014651FE6D65500335096 /* 01n.png */; };
		435014781FE715BE00335096 /* 50n.png in Resources */ = {isa = PBXBuildFile; fileRef = 435014761FE715BE00335096 /* 50n.png */; };
		435014791FE715BE00335096 /* 50d.png in Resources */ = {isa = PBXBuildFile; fileRef = 435014771FE715BE00335096 /* 50d.png */; };
		4350147E1FE718E600335096 /* more1.png in Resources */ = {isa = PBXBuildFile; fileRef = 4350147B1FE718E600335096 /* more1.png */; };
		4350147F1FE718E600335096 /* more2.png in Resources */ = {isa = PBXBuildFile; fileRef = 4350147C1FE718E600335096 /* more2.png */; };
		435014811FE71D7700335096 /* location.png in Resources */ = {isa = PBXBuildFile; fileRef = 435014801FE71D7700335096 /* location.png */; };
		43E915B41FEA2FB1000D0087 /* Configuration.swift in Sources */ = {isa = PBXBuildFile; fileRef = 43E915B31FEA2FB1000D0087 /* Configuration.swift */; };
		43E915B71FEA34AA000D0087 /* ForecastCell.swift in Sources */ = {isa = PBXBuildFile; fileRef = 43E915B61FEA34AA000D0087 /* ForecastCell.swift */; };
		43E915B91FEA3776000D0087 /* ForecastViewController.swift in Sources */ = {isa = PBXBuildFile; fileRef = 43E915B81FEA3775000D0087 /* ForecastViewController.swift */; };
		43E915BF1FEA379F000D0087 /* LaunchScreen.storyboard in Resources */ = {isa = PBXBuildFile; fileRef = 43E915BB1FEA379F000D0087 /* LaunchScreen.storyboard */; };
		43E915C01FEA379F000D0087 /* Main.storyboard in Resources */ = {isa = PBXBuildFile; fileRef = 43E915BD1FEA379F000D0087 /* Main.storyboard */; };
		43F368A61FE3DC0100D36787 /* ForecastModel.swift in Sources */ = {isa = PBXBuildFile; fileRef = 43F368A51FE3DC0100D36787 /* ForecastModel.swift */; };
		43F368A81FE3EECB00D36787 /* ForecastViewModel.swift in Sources */ = {isa = PBXBuildFile; fileRef = 43F368A71FE3EECB00D36787 /* ForecastViewModel.swift */; };
		4DC0B2B25DEFC05BBE440028 /* Pods_WeatherTrackerUITests.framework in Frameworks */ = {isa = PBXBuildFile; fileRef = E02A17D340DAF24FB10388AA /* Pods_WeatherTrackerUITests.framework */; };
		813190E4BA1FA9F582BE01AD /* Pods_WeatherTrackerTests.framework in Frameworks */ = {isa = PBXBuildFile; fileRef = C3FC298703A15940E3E79A49 /* Pods_WeatherTrackerTests.framework */; };
/* End PBXBuildFile section */

/* Begin PBXContainerItemProxy section */
		433BA4321FE2BCBB00986088 /* PBXContainerItemProxy */ = {
			isa = PBXContainerItemProxy;
			containerPortal = 433BA4121FE2BCBB00986088 /* Project object */;
			proxyType = 1;
			remoteGlobalIDString = 433BA4191FE2BCBB00986088;
			remoteInfo = WeatherTracker;
		};
		433BA43D1FE2BCBB00986088 /* PBXContainerItemProxy */ = {
			isa = PBXContainerItemProxy;
			containerPortal = 433BA4121FE2BCBB00986088 /* Project object */;
			proxyType = 1;
			remoteGlobalIDString = 433BA4191FE2BCBB00986088;
			remoteInfo = WeatherTracker;
		};
/* End PBXContainerItemProxy section */

/* Begin PBXFileReference section */
		16A2F84D6D654B9BAF96C1A2 /* Pods-WeatherTrackerTests.debug.xcconfig */ = {isa = PBXFileReference; includeInIndex = 1; lastKnownFileType = text.xcconfig; name = "Pods-WeatherTrackerTests.debug.xcconfig"; path = "Pods/Target Support Files/Pods-WeatherTrackerTests/Pods-WeatherTrackerTests.debug.xcconfig"; sourceTree = "<group>"; };
		41067F9AD89462775DF4507E /* Pods-WeatherTracker.release.xcconfig */ = {isa = PBXFileReference; includeInIndex = 1; lastKnownFileType = text.xcconfig; name = "Pods-WeatherTracker.release.xcconfig"; path = "Pods/Target Support Files/Pods-WeatherTracker/Pods-WeatherTracker.release.xcconfig"; sourceTree = "<group>"; };
		43154C6E1FE51BF4009FEFB0 /* MBProgressHUD.framework */ = {isa = PBXFileReference; explicitFileType = wrapper.framework; path = MBProgressHUD.framework; sourceTree = BUILT_PRODUCTS_DIR; };
		433BA41A1FE2BCBB00986088 /* WeatherTracker.app */ = {isa = PBXFileReference; explicitFileType = wrapper.application; includeInIndex = 0; path = WeatherTracker.app; sourceTree = BUILT_PRODUCTS_DIR; };
		433BA41D1FE2BCBB00986088 /* AppDelegate.swift */ = {isa = PBXFileReference; lastKnownFileType = sourcecode.swift; path = AppDelegate.swift; sourceTree = "<group>"; };
		433BA4251FE2BCBB00986088 /* WeatherTracker.xcdatamodel */ = {isa = PBXFileReference; lastKnownFileType = wrapper.xcdatamodel; path = WeatherTracker.xcdatamodel; sourceTree = "<group>"; };
		433BA4271FE2BCBB00986088 /* Assets.xcassets */ = {isa = PBXFileReference; lastKnownFileType = folder.assetcatalog; path = Assets.xcassets; sourceTree = "<group>"; };
		433BA42C1FE2BCBB00986088 /* Info.plist */ = {isa = PBXFileReference; lastKnownFileType = text.plist.xml; path = Info.plist; sourceTree = "<group>"; };
		433BA4311FE2BCBB00986088 /* WeatherTrackerTests.xctest */ = {isa = PBXFileReference; explicitFileType = wrapper.cfbundle; includeInIndex = 0; path = WeatherTrackerTests.xctest; sourceTree = BUILT_PRODUCTS_DIR; };
		433BA4351FE2BCBB00986088 /* WeatherTrackerTests.swift */ = {isa = PBXFileReference; lastKnownFileType = sourcecode.swift; path = WeatherTrackerTests.swift; sourceTree = "<group>"; };
		433BA4371FE2BCBB00986088 /* Info.plist */ = {isa = PBXFileReference; lastKnownFileType = text.plist.xml; path = Info.plist; sourceTree = "<group>"; };
		433BA43C1FE2BCBB00986088 /* WeatherTrackerUITests.xctest */ = {isa = PBXFileReference; explicitFileType = wrapper.cfbundle; includeInIndex = 0; path = WeatherTrackerUITests.xctest; sourceTree = BUILT_PRODUCTS_DIR; };
		433BA4401FE2BCBB00986088 /* WeatherTrackerUITests.swift */ = {isa = PBXFileReference; lastKnownFileType = sourcecode.swift; path = WeatherTrackerUITests.swift; sourceTree = "<group>"; };
		433BA4421FE2BCBB00986088 /* Info.plist */ = {isa = PBXFileReference; lastKnownFileType = text.plist.xml; path = Info.plist; sourceTree = "<group>"; };
		435014561FE6D65400335096 /* 10d.png */ = {isa = PBXFileReference; lastKnownFileType = image.png; path = 10d.png; sourceTree = "<group>"; };
		435014571FE6D65400335096 /* 11n.png */ = {isa = PBXFileReference; lastKnownFileType = image.png; path = 11n.png; sourceTree = "<group>"; };
		435014581FE6D65400335096 /* 01d.png */ = {isa = PBXFileReference; lastKnownFileType = image.png; path = 01d.png; sourceTree = "<group>"; };
		435014591FE6D65400335096 /* 03n.png */ = {isa = PBXFileReference; lastKnownFileType = image.png; path = 03n.png; sourceTree = "<group>"; };
		4350145A1FE6D65400335096 /* 04d.png */ = {isa = PBXFileReference; lastKnownFileType = image.png; path = 04d.png; sourceTree = "<group>"; };
		4350145B1FE6D65400335096 /* 04n.png */ = {isa = PBXFileReference; lastKnownFileType = image.png; path = 04n.png; sourceTree = "<group>"; };
		4350145C1FE6D65400335096 /* 09d.png */ = {isa = PBXFileReference; lastKnownFileType = image.png; path = 09d.png; sourceTree = "<group>"; };
		4350145D1FE6D65400335096 /* 13n.png */ = {isa = PBXFileReference; lastKnownFileType = image.png; path = 13n.png; sourceTree = "<group>"; };
		4350145E1FE6D65400335096 /* 13d.png */ = {isa = PBXFileReference; lastKnownFileType = image.png; path = 13d.png; sourceTree = "<group>"; };
		4350145F1FE6D65500335096 /* 03d.png */ = {isa = PBXFileReference; lastKnownFileType = image.png; path = 03d.png; sourceTree = "<group>"; };
		435014601FE6D65500335096 /* 11d.png */ = {isa = PBXFileReference; lastKnownFileType = image.png; path = 11d.png; sourceTree = "<group>"; };
		435014611FE6D65500335096 /* 02n.png */ = {isa = PBXFileReference; lastKnownFileType = image.png; path = 02n.png; sourceTree = "<group>"; };
		435014621FE6D65500335096 /* 02d.png */ = {isa = PBXFileReference; lastKnownFileType = image.png; path = 02d.png; sourceTree = "<group>"; };
		435014631FE6D65500335096 /* 10n.png */ = {isa = PBXFileReference; lastKnownFileType = image.png; path = 10n.png; sourceTree = "<group>"; };
		435014641FE6D65500335096 /* 09n.png */ = {isa = PBXFileReference; lastKnownFileType = image.png; path = 09n.png; sourceTree = "<group>"; };
		435014651FE6D65500335096 /* 01n.png */ = {isa = PBXFileReference; lastKnownFileType = image.png; path = 01n.png; sourceTree = "<group>"; };
		435014761FE715BE00335096 /* 50n.png */ = {isa = PBXFileReference; lastKnownFileType = image.png; path = 50n.png; sourceTree = "<group>"; };
		435014771FE715BE00335096 /* 50d.png */ = {isa = PBXFileReference; lastKnownFileType = image.png; path = 50d.png; sourceTree = "<group>"; };
		4350147B1FE718E600335096 /* more1.png */ = {isa = PBXFileReference; lastKnownFileType = image.png; path = more1.png; sourceTree = "<group>"; };
		4350147C1FE718E600335096 /* more2.png */ = {isa = PBXFileReference; lastKnownFileType = image.png; path = more2.png; sourceTree = "<group>"; };
		435014801FE71D7700335096 /* location.png */ = {isa = PBXFileReference; lastKnownFileType = image.png; path = location.png; sourceTree = "<group>"; };
		43E915B31FEA2FB1000D0087 /* Configuration.swift */ = {isa = PBXFileReference; lastKnownFileType = sourcecode.swift; path = Configuration.swift; sourceTree = "<group>"; };
		43E915B61FEA34AA000D0087 /* ForecastCell.swift */ = {isa = PBXFileReference; fileEncoding = 4; lastKnownFileType = sourcecode.swift; path = ForecastCell.swift; sourceTree = "<group>"; };
		43E915B81FEA3775000D0087 /* ForecastViewController.swift */ = {isa = PBXFileReference; fileEncoding = 4; lastKnownFileType = sourcecode.swift; path = ForecastViewController.swift; sourceTree = "<group>"; };
		43E915BC1FEA379F000D0087 /* Base */ = {isa = PBXFileReference; lastKnownFileType = file.storyboard; name = Base; path = Base.lproj/LaunchScreen.storyboard; sourceTree = "<group>"; };
		43E915BE1FEA379F000D0087 /* Base */ = {isa = PBXFileReference; lastKnownFileType = file.storyboard; name = Base; path = Base.lproj/Main.storyboard; sourceTree = "<group>"; };
		43F368A51FE3DC0100D36787 /* ForecastModel.swift */ = {isa = PBXFileReference; lastKnownFileType = sourcecode.swift; path = ForecastModel.swift; sourceTree = "<group>"; };
		43F368A71FE3EECB00D36787 /* ForecastViewModel.swift */ = {isa = PBXFileReference; lastKnownFileType = sourcecode.swift; path = ForecastViewModel.swift; sourceTree = "<group>"; };
		57B808FB266762337E8FD276 /* Pods-WeatherTrackerUITests.debug.xcconfig */ = {isa = PBXFileReference; includeInIndex = 1; lastKnownFileType = text.xcconfig; name = "Pods-WeatherTrackerUITests.debug.xcconfig"; path = "Pods/Target Support Files/Pods-WeatherTrackerUITests/Pods-WeatherTrackerUITests.debug.xcconfig"; sourceTree = "<group>"; };
		A4F9A663C6C06A5D8809C3F1 /* Pods-WeatherTrackerTests.release.xcconfig */ = {isa = PBXFileReference; includeInIndex = 1; lastKnownFileType = text.xcconfig; name = "Pods-WeatherTrackerTests.release.xcconfig"; path = "Pods/Target Support Files/Pods-WeatherTrackerTests/Pods-WeatherTrackerTests.release.xcconfig"; sourceTree = "<group>"; };
		C3FC298703A15940E3E79A49 /* Pods_WeatherTrackerTests.framework */ = {isa = PBXFileReference; explicitFileType = wrapper.framework; includeInIndex = 0; path = Pods_WeatherTrackerTests.framework; sourceTree = BUILT_PRODUCTS_DIR; };
		CA216E31BFEDBE81408B3790 /* Pods_WeatherTracker.framework */ = {isa = PBXFileReference; explicitFileType = wrapper.framework; includeInIndex = 0; path = Pods_WeatherTracker.framework; sourceTree = BUILT_PRODUCTS_DIR; };
		E02A17D340DAF24FB10388AA /* Pods_WeatherTrackerUITests.framework */ = {isa = PBXFileReference; explicitFileType = wrapper.framework; includeInIndex = 0; path = Pods_WeatherTrackerUITests.framework; sourceTree = BUILT_PRODUCTS_DIR; };
		EFDFB0F124012D5D8B32D8C0 /* Pods-WeatherTracker.debug.xcconfig */ = {isa = PBXFileReference; includeInIndex = 1; lastKnownFileType = text.xcconfig; name = "Pods-WeatherTracker.debug.xcconfig"; path = "Pods/Target Support Files/Pods-WeatherTracker/Pods-WeatherTracker.debug.xcconfig"; sourceTree = "<group>"; };
		F9D18786FBE12DC3CF55C51B /* Pods-WeatherTrackerUITests.release.xcconfig */ = {isa = PBXFileReference; includeInIndex = 1; lastKnownFileType = text.xcconfig; name = "Pods-WeatherTrackerUITests.release.xcconfig"; path = "Pods/Target Support Files/Pods-WeatherTrackerUITests/Pods-WeatherTrackerUITests.release.xcconfig"; sourceTree = "<group>"; };
/* End PBXFileReference section */

/* Begin PBXFrameworksBuildPhase section */
		433BA4171FE2BCBB00986088 /* Frameworks */ = {
			isa = PBXFrameworksBuildPhase;
			buildActionMask = 2147483647;
			files = (
				43154C6D1FE51BF4009FEFB0 /* MBProgressHUD.framework in Frameworks */,
				3D1E0AB9196EAD5A9BF3B3C5 /* Pods_WeatherTracker.framework in Frameworks */,
			);
			runOnlyForDeploymentPostprocessing = 0;
		};
		433BA42E1FE2BCBB00986088 /* Frameworks */ = {
			isa = PBXFrameworksBuildPhase;
			buildActionMask = 2147483647;
			files = (
				813190E4BA1FA9F582BE01AD /* Pods_WeatherTrackerTests.framework in Frameworks */,
			);
			runOnlyForDeploymentPostprocessing = 0;
		};
		433BA4391FE2BCBB00986088 /* Frameworks */ = {
			isa = PBXFrameworksBuildPhase;
			buildActionMask = 2147483647;
			files = (
				4DC0B2B25DEFC05BBE440028 /* Pods_WeatherTrackerUITests.framework in Frameworks */,
			);
			runOnlyForDeploymentPostprocessing = 0;
		};
/* End PBXFrameworksBuildPhase section */

/* Begin PBXGroup section */
		37C8E9224A83F5EB60D1BF5B /* Pods */ = {
			isa = PBXGroup;
			children = (
				EFDFB0F124012D5D8B32D8C0 /* Pods-WeatherTracker.debug.xcconfig */,
				41067F9AD89462775DF4507E /* Pods-WeatherTracker.release.xcconfig */,
				16A2F84D6D654B9BAF96C1A2 /* Pods-WeatherTrackerTests.debug.xcconfig */,
				A4F9A663C6C06A5D8809C3F1 /* Pods-WeatherTrackerTests.release.xcconfig */,
				57B808FB266762337E8FD276 /* Pods-WeatherTrackerUITests.debug.xcconfig */,
				F9D18786FBE12DC3CF55C51B /* Pods-WeatherTrackerUITests.release.xcconfig */,
			);
			name = Pods;
			sourceTree = "<group>";
		};
		433BA4111FE2BCBB00986088 = {
			isa = PBXGroup;
			children = (
				433BA41C1FE2BCBB00986088 /* WeatherTracker */,
				433BA4341FE2BCBB00986088 /* WeatherTrackerTests */,
				433BA43F1FE2BCBB00986088 /* WeatherTrackerUITests */,
				433BA41B1FE2BCBB00986088 /* Products */,
				37C8E9224A83F5EB60D1BF5B /* Pods */,
				90D3A5EA2758326BDE89C334 /* Frameworks */,
			);
			sourceTree = "<group>";
		};
		433BA41B1FE2BCBB00986088 /* Products */ = {
			isa = PBXGroup;
			children = (
				433BA41A1FE2BCBB00986088 /* WeatherTracker.app */,
				433BA4311FE2BCBB00986088 /* WeatherTrackerTests.xctest */,
				433BA43C1FE2BCBB00986088 /* WeatherTrackerUITests.xctest */,
			);
			name = Products;
			sourceTree = "<group>";
		};
		433BA41C1FE2BCBB00986088 /* WeatherTracker */ = {
			isa = PBXGroup;
			children = (
				433BA4511FE2BD1300986088 /* AppDelegate */,
				43E915B21FEA2F8C000D0087 /* Configuration */,
				433BA4501FE2BCF100986088 /* Model */,
				433BA44E1FE2BCF100986088 /* View */,
				433BA44F1FE2BCF100986088 /* ViewModel */,
				43E915B51FEA34AA000D0087 /* TableViewCells */,
				433BA4521FE2BFEC00986088 /* Assets */,
				43E915BA1FEA379F000D0087 /* Storyboard */,
				433BA4271FE2BCBB00986088 /* Assets.xcassets */,
				433BA42C1FE2BCBB00986088 /* Info.plist */,
				433BA4241FE2BCBB00986088 /* WeatherTracker.xcdatamodeld */,
			);
			path = WeatherTracker;
			sourceTree = "<group>";
		};
		433BA4341FE2BCBB00986088 /* WeatherTrackerTests */ = {
			isa = PBXGroup;
			children = (
				433BA4351FE2BCBB00986088 /* WeatherTrackerTests.swift */,
				433BA4371FE2BCBB00986088 /* Info.plist */,
			);
			path = WeatherTrackerTests;
			sourceTree = "<group>";
		};
		433BA43F1FE2BCBB00986088 /* WeatherTrackerUITests */ = {
			isa = PBXGroup;
			children = (
				433BA4401FE2BCBB00986088 /* WeatherTrackerUITests.swift */,
				433BA4421FE2BCBB00986088 /* Info.plist */,
			);
			path = WeatherTrackerUITests;
			sourceTree = "<group>";
		};
		433BA44E1FE2BCF100986088 /* View */ = {
			isa = PBXGroup;
			children = (
				43E915B81FEA3775000D0087 /* ForecastViewController.swift */,
			);
			path = View;
			sourceTree = "<group>";
		};
		433BA44F1FE2BCF100986088 /* ViewModel */ = {
			isa = PBXGroup;
			children = (
				43F368A71FE3EECB00D36787 /* ForecastViewModel.swift */,
			);
			path = ViewModel;
			sourceTree = "<group>";
		};
		433BA4501FE2BCF100986088 /* Model */ = {
			isa = PBXGroup;
			children = (
				43F368A51FE3DC0100D36787 /* ForecastModel.swift */,
			);
			path = Model;
			sourceTree = "<group>";
		};
		433BA4511FE2BD1300986088 /* AppDelegate */ = {
			isa = PBXGroup;
			children = (
				433BA41D1FE2BCBB00986088 /* AppDelegate.swift */,
			);
			path = AppDelegate;
			sourceTree = "<group>";
		};
		433BA4521FE2BFEC00986088 /* Assets */ = {
			isa = PBXGroup;
			children = (
				435014801FE71D7700335096 /* location.png */,
				4350147B1FE718E600335096 /* more1.png */,
				4350147C1FE718E600335096 /* more2.png */,
				435014771FE715BE00335096 /* 50d.png */,
				435014761FE715BE00335096 /* 50n.png */,
				435014581FE6D65400335096 /* 01d.png */,
				435014651FE6D65500335096 /* 01n.png */,
				435014621FE6D65500335096 /* 02d.png */,
				435014611FE6D65500335096 /* 02n.png */,
				4350145F1FE6D65500335096 /* 03d.png */,
				435014591FE6D65400335096 /* 03n.png */,
				4350145A1FE6D65400335096 /* 04d.png */,
				4350145B1FE6D65400335096 /* 04n.png */,
				4350145C1FE6D65400335096 /* 09d.png */,
				435014641FE6D65500335096 /* 09n.png */,
				435014561FE6D65400335096 /* 10d.png */,
				435014631FE6D65500335096 /* 10n.png */,
				435014601FE6D65500335096 /* 11d.png */,
				435014571FE6D65400335096 /* 11n.png */,
				4350145E1FE6D65400335096 /* 13d.png */,
				4350145D1FE6D65400335096 /* 13n.png */,
			);
			path = Assets;
			sourceTree = "<group>";
		};
		43E915B21FEA2F8C000D0087 /* Configuration */ = {
			isa = PBXGroup;
			children = (
				43E915B31FEA2FB1000D0087 /* Configuration.swift */,
			);
			path = Configuration;
			sourceTree = "<group>";
		};
		43E915B51FEA34AA000D0087 /* TableViewCells */ = {
			isa = PBXGroup;
			children = (
				43E915B61FEA34AA000D0087 /* ForecastCell.swift */,
			);
			path = TableViewCells;
			sourceTree = "<group>";
		};
		43E915BA1FEA379F000D0087 /* Storyboard */ = {
			isa = PBXGroup;
			children = (
				43E915BB1FEA379F000D0087 /* LaunchScreen.storyboard */,
				43E915BD1FEA379F000D0087 /* Main.storyboard */,
			);
			path = Storyboard;
			sourceTree = "<group>";
		};
		90D3A5EA2758326BDE89C334 /* Frameworks */ = {
			isa = PBXGroup;
			children = (
				43154C6E1FE51BF4009FEFB0 /* MBProgressHUD.framework */,
				CA216E31BFEDBE81408B3790 /* Pods_WeatherTracker.framework */,
				C3FC298703A15940E3E79A49 /* Pods_WeatherTrackerTests.framework */,
				E02A17D340DAF24FB10388AA /* Pods_WeatherTrackerUITests.framework */,
			);
			name = Frameworks;
			sourceTree = "<group>";
		};
/* End PBXGroup section */

/* Begin PBXNativeTarget section */
		433BA4191FE2BCBB00986088 /* WeatherTracker */ = {
			isa = PBXNativeTarget;
			buildConfigurationList = 433BA4451FE2BCBB00986088 /* Build configuration list for PBXNativeTarget "WeatherTracker" */;
			buildPhases = (
				2C4235A1832053D04128F8C3 /* [CP] Check Pods Manifest.lock */,
				433BA4161FE2BCBB00986088 /* Sources */,
				433BA4171FE2BCBB00986088 /* Frameworks */,
				433BA4181FE2BCBB00986088 /* Resources */,
				83A98F5E558C19BDA9ABD024 /* [CP] Embed Pods Frameworks */,
				22971092EBF4630216CA3914 /* [CP] Copy Pods Resources */,
			);
			buildRules = (
			);
			dependencies = (
			);
			name = WeatherTracker;
			productName = WeatherTracker;
			productReference = 433BA41A1FE2BCBB00986088 /* WeatherTracker.app */;
			productType = "com.apple.product-type.application";
		};
		433BA4301FE2BCBB00986088 /* WeatherTrackerTests */ = {
			isa = PBXNativeTarget;
			buildConfigurationList = 433BA4481FE2BCBB00986088 /* Build configuration list for PBXNativeTarget "WeatherTrackerTests" */;
			buildPhases = (
				3B124718B2DAA064B38FF273 /* [CP] Check Pods Manifest.lock */,
				433BA42D1FE2BCBB00986088 /* Sources */,
				433BA42E1FE2BCBB00986088 /* Frameworks */,
				433BA42F1FE2BCBB00986088 /* Resources */,
				F909670C4EA4F43C063D3954 /* [CP] Embed Pods Frameworks */,
				4A67EBF913C4F84136F95A65 /* [CP] Copy Pods Resources */,
			);
			buildRules = (
			);
			dependencies = (
				433BA4331FE2BCBB00986088 /* PBXTargetDependency */,
			);
			name = WeatherTrackerTests;
			productName = WeatherTrackerTests;
			productReference = 433BA4311FE2BCBB00986088 /* WeatherTrackerTests.xctest */;
			productType = "com.apple.product-type.bundle.unit-test";
		};
		433BA43B1FE2BCBB00986088 /* WeatherTrackerUITests */ = {
			isa = PBXNativeTarget;
			buildConfigurationList = 433BA44B1FE2BCBB00986088 /* Build configuration list for PBXNativeTarget "WeatherTrackerUITests" */;
			buildPhases = (
				6A861D62F7BFF4C7BB22FE35 /* [CP] Check Pods Manifest.lock */,
				433BA4381FE2BCBB00986088 /* Sources */,
				433BA4391FE2BCBB00986088 /* Frameworks */,
				433BA43A1FE2BCBB00986088 /* Resources */,
				7B1CD97881E7E487929863C2 /* [CP] Embed Pods Frameworks */,
				0A0D35D2D323E70D3FCDE33B /* [CP] Copy Pods Resources */,
			);
			buildRules = (
			);
			dependencies = (
				433BA43E1FE2BCBB00986088 /* PBXTargetDependency */,
			);
			name = WeatherTrackerUITests;
			productName = WeatherTrackerUITests;
			productReference = 433BA43C1FE2BCBB00986088 /* WeatherTrackerUITests.xctest */;
			productType = "com.apple.product-type.bundle.ui-testing";
		};
/* End PBXNativeTarget section */

/* Begin PBXProject section */
		433BA4121FE2BCBB00986088 /* Project object */ = {
			isa = PBXProject;
			attributes = {
				LastSwiftUpdateCheck = 0910;
				LastUpgradeCheck = 0910;
				ORGANIZATIONNAME = wipro;
				TargetAttributes = {
					433BA4191FE2BCBB00986088 = {
						CreatedOnToolsVersion = 9.1;
						ProvisioningStyle = Automatic;
					};
					433BA4301FE2BCBB00986088 = {
						CreatedOnToolsVersion = 9.1;
						ProvisioningStyle = Automatic;
						TestTargetID = 433BA4191FE2BCBB00986088;
					};
					433BA43B1FE2BCBB00986088 = {
						CreatedOnToolsVersion = 9.1;
						ProvisioningStyle = Automatic;
						TestTargetID = 433BA4191FE2BCBB00986088;
					};
				};
			};
			buildConfigurationList = 433BA4151FE2BCBB00986088 /* Build configuration list for PBXProject "WeatherTracker" */;
			compatibilityVersion = "Xcode 8.0";
			developmentRegion = en;
			hasScannedForEncodings = 0;
			knownRegions = (
				en,
				Base,
			);
			mainGroup = 433BA4111FE2BCBB00986088;
			productRefGroup = 433BA41B1FE2BCBB00986088 /* Products */;
			projectDirPath = "";
			projectRoot = "";
			targets = (
				433BA4191FE2BCBB00986088 /* WeatherTracker */,
				433BA4301FE2BCBB00986088 /* WeatherTrackerTests */,
				433BA43B1FE2BCBB00986088 /* WeatherTrackerUITests */,
			);
		};
/* End PBXProject section */

/* Begin PBXResourcesBuildPhase section */
		433BA4181FE2BCBB00986088 /* Resources */ = {
			isa = PBXResourcesBuildPhase;
			buildActionMask = 2147483647;
			files = (
				435014721FE6D65500335096 /* 02d.png in Resources */,
				4350146B1FE6D65500335096 /* 04n.png in Resources */,
				4350146D1FE6D65500335096 /* 13n.png in Resources */,
				43E915C01FEA379F000D0087 /* Main.storyboard in Resources */,
				435014741FE6D65500335096 /* 09n.png in Resources */,
				433BA4281FE2BCBB00986088 /* Assets.xcassets in Resources */,
				4350146A1FE6D65500335096 /* 04d.png in Resources */,
				435014671FE6D65500335096 /* 11n.png in Resources */,
				435014701FE6D65500335096 /* 11d.png in Resources */,
				4350147E1FE718E600335096 /* more1.png in Resources */,
				43E915BF1FEA379F000D0087 /* LaunchScreen.storyboard in Resources */,
				435014791FE715BE00335096 /* 50d.png in Resources */,
				4350146E1FE6D65500335096 /* 13d.png in Resources */,
				4350146C1FE6D65500335096 /* 09d.png in Resources */,
				435014751FE6D65500335096 /* 01n.png in Resources */,
				435014711FE6D65500335096 /* 02n.png in Resources */,
				435014781FE715BE00335096 /* 50n.png in Resources */,
				435014811FE71D7700335096 /* location.png in Resources */,
				4350147F1FE718E600335096 /* more2.png in Resources */,
				435014731FE6D65500335096 /* 10n.png in Resources */,
				435014681FE6D65500335096 /* 01d.png in Resources */,
				435014691FE6D65500335096 /* 03n.png in Resources */,
				4350146F1FE6D65500335096 /* 03d.png in Resources */,
				435014661FE6D65500335096 /* 10d.png in Resources */,
			);
			runOnlyForDeploymentPostprocessing = 0;
		};
		433BA42F1FE2BCBB00986088 /* Resources */ = {
			isa = PBXResourcesBuildPhase;
			buildActionMask = 2147483647;
			files = (
			);
			runOnlyForDeploymentPostprocessing = 0;
		};
		433BA43A1FE2BCBB00986088 /* Resources */ = {
			isa = PBXResourcesBuildPhase;
			buildActionMask = 2147483647;
			files = (
			);
			runOnlyForDeploymentPostprocessing = 0;
		};
/* End PBXResourcesBuildPhase section */

/* Begin PBXShellScriptBuildPhase section */
		0A0D35D2D323E70D3FCDE33B /* [CP] Copy Pods Resources */ = {
			isa = PBXShellScriptBuildPhase;
			buildActionMask = 2147483647;
			files = (
			);
			inputPaths = (
			);
			name = "[CP] Copy Pods Resources";
			outputPaths = (
			);
			runOnlyForDeploymentPostprocessing = 0;
			shellPath = /bin/sh;
			shellScript = "\"${SRCROOT}/Pods/Target Support Files/Pods-WeatherTrackerUITests/Pods-WeatherTrackerUITests-resources.sh\"\n";
			showEnvVarsInLog = 0;
		};
		22971092EBF4630216CA3914 /* [CP] Copy Pods Resources */ = {
			isa = PBXShellScriptBuildPhase;
			buildActionMask = 2147483647;
			files = (
			);
			inputPaths = (
			);
			name = "[CP] Copy Pods Resources";
			outputPaths = (
			);
			runOnlyForDeploymentPostprocessing = 0;
			shellPath = /bin/sh;
			shellScript = "\"${SRCROOT}/Pods/Target Support Files/Pods-WeatherTracker/Pods-WeatherTracker-resources.sh\"\n";
			showEnvVarsInLog = 0;
		};
		2C4235A1832053D04128F8C3 /* [CP] Check Pods Manifest.lock */ = {
			isa = PBXShellScriptBuildPhase;
			buildActionMask = 2147483647;
			files = (
			);
			inputPaths = (
				"${PODS_PODFILE_DIR_PATH}/Podfile.lock",
				"${PODS_ROOT}/Manifest.lock",
			);
			name = "[CP] Check Pods Manifest.lock";
			outputPaths = (
				"$(DERIVED_FILE_DIR)/Pods-WeatherTracker-checkManifestLockResult.txt",
			);
			runOnlyForDeploymentPostprocessing = 0;
			shellPath = /bin/sh;
			shellScript = "diff \"${PODS_PODFILE_DIR_PATH}/Podfile.lock\" \"${PODS_ROOT}/Manifest.lock\" > /dev/null\nif [ $? != 0 ] ; then\n    # print error to STDERR\n    echo \"error: The sandbox is not in sync with the Podfile.lock. Run 'pod install' or update your CocoaPods installation.\" >&2\n    exit 1\nfi\n# This output is used by Xcode 'outputs' to avoid re-running this script phase.\necho \"SUCCESS\" > \"${SCRIPT_OUTPUT_FILE_0}\"\n";
			showEnvVarsInLog = 0;
		};
		3B124718B2DAA064B38FF273 /* [CP] Check Pods Manifest.lock */ = {
			isa = PBXShellScriptBuildPhase;
			buildActionMask = 2147483647;
			files = (
			);
			inputPaths = (
				"${PODS_PODFILE_DIR_PATH}/Podfile.lock",
				"${PODS_ROOT}/Manifest.lock",
			);
			name = "[CP] Check Pods Manifest.lock";
			outputPaths = (
				"$(DERIVED_FILE_DIR)/Pods-WeatherTrackerTests-checkManifestLockResult.txt",
			);
			runOnlyForDeploymentPostprocessing = 0;
			shellPath = /bin/sh;
			shellScript = "diff \"${PODS_PODFILE_DIR_PATH}/Podfile.lock\" \"${PODS_ROOT}/Manifest.lock\" > /dev/null\nif [ $? != 0 ] ; then\n    # print error to STDERR\n    echo \"error: The sandbox is not in sync with the Podfile.lock. Run 'pod install' or update your CocoaPods installation.\" >&2\n    exit 1\nfi\n# This output is used by Xcode 'outputs' to avoid re-running this script phase.\necho \"SUCCESS\" > \"${SCRIPT_OUTPUT_FILE_0}\"\n";
			showEnvVarsInLog = 0;
		};
		4A67EBF913C4F84136F95A65 /* [CP] Copy Pods Resources */ = {
			isa = PBXShellScriptBuildPhase;
			buildActionMask = 2147483647;
			files = (
			);
			inputPaths = (
			);
			name = "[CP] Copy Pods Resources";
			outputPaths = (
			);
			runOnlyForDeploymentPostprocessing = 0;
			shellPath = /bin/sh;
			shellScript = "\"${SRCROOT}/Pods/Target Support Files/Pods-WeatherTrackerTests/Pods-WeatherTrackerTests-resources.sh\"\n";
			showEnvVarsInLog = 0;
		};
		6A861D62F7BFF4C7BB22FE35 /* [CP] Check Pods Manifest.lock */ = {
			isa = PBXShellScriptBuildPhase;
			buildActionMask = 2147483647;
			files = (
			);
			inputPaths = (
				"${PODS_PODFILE_DIR_PATH}/Podfile.lock",
				"${PODS_ROOT}/Manifest.lock",
			);
			name = "[CP] Check Pods Manifest.lock";
			outputPaths = (
				"$(DERIVED_FILE_DIR)/Pods-WeatherTrackerUITests-checkManifestLockResult.txt",
			);
			runOnlyForDeploymentPostprocessing = 0;
			shellPath = /bin/sh;
			shellScript = "diff \"${PODS_PODFILE_DIR_PATH}/Podfile.lock\" \"${PODS_ROOT}/Manifest.lock\" > /dev/null\nif [ $? != 0 ] ; then\n    # print error to STDERR\n    echo \"error: The sandbox is not in sync with the Podfile.lock. Run 'pod install' or update your CocoaPods installation.\" >&2\n    exit 1\nfi\n# This output is used by Xcode 'outputs' to avoid re-running this script phase.\necho \"SUCCESS\" > \"${SCRIPT_OUTPUT_FILE_0}\"\n";
			showEnvVarsInLog = 0;
		};
		7B1CD97881E7E487929863C2 /* [CP] Embed Pods Frameworks */ = {
			isa = PBXShellScriptBuildPhase;
			buildActionMask = 2147483647;
			files = (
			);
			inputPaths = (
			);
			name = "[CP] Embed Pods Frameworks";
			outputPaths = (
			);
			runOnlyForDeploymentPostprocessing = 0;
			shellPath = /bin/sh;
			shellScript = "\"${SRCROOT}/Pods/Target Support Files/Pods-WeatherTrackerUITests/Pods-WeatherTrackerUITests-frameworks.sh\"\n";
			showEnvVarsInLog = 0;
		};
		83A98F5E558C19BDA9ABD024 /* [CP] Embed Pods Frameworks */ = {
			isa = PBXShellScriptBuildPhase;
			buildActionMask = 2147483647;
			files = (
			);
			inputPaths = (
				"${SRCROOT}/Pods/Target Support Files/Pods-WeatherTracker/Pods-WeatherTracker-frameworks.sh",
				"${BUILT_PRODUCTS_DIR}/MBProgressHUD/MBProgressHUD.framework",
			);
			name = "[CP] Embed Pods Frameworks";
			outputPaths = (
				"${TARGET_BUILD_DIR}/${FRAMEWORKS_FOLDER_PATH}/MBProgressHUD.framework",
			);
			runOnlyForDeploymentPostprocessing = 0;
			shellPath = /bin/sh;
			shellScript = "\"${SRCROOT}/Pods/Target Support Files/Pods-WeatherTracker/Pods-WeatherTracker-frameworks.sh\"\n";
			showEnvVarsInLog = 0;
		};
		F909670C4EA4F43C063D3954 /* [CP] Embed Pods Frameworks */ = {
			isa = PBXShellScriptBuildPhase;
			buildActionMask = 2147483647;
			files = (
			);
			inputPaths = (
			);
			name = "[CP] Embed Pods Frameworks";
			outputPaths = (
			);
			runOnlyForDeploymentPostprocessing = 0;
			shellPath = /bin/sh;
			shellScript = "\"${SRCROOT}/Pods/Target Support Files/Pods-WeatherTrackerTests/Pods-WeatherTrackerTests-frameworks.sh\"\n";
			showEnvVarsInLog = 0;
		};
/* End PBXShellScriptBuildPhase section */

/* Begin PBXSourcesBuildPhase section */
		433BA4161FE2BCBB00986088 /* Sources */ = {
			isa = PBXSourcesBuildPhase;
			buildActionMask = 2147483647;
			files = (
				433BA4261FE2BCBB00986088 /* WeatherTracker.xcdatamodeld in Sources */,
				43E915B91FEA3776000D0087 /* ForecastViewController.swift in Sources */,
				43E915B41FEA2FB1000D0087 /* Configuration.swift in Sources */,
				43F368A61FE3DC0100D36787 /* ForecastModel.swift in Sources */,
				43E915B71FEA34AA000D0087 /* ForecastCell.swift in Sources */,
				433BA41E1FE2BCBB00986088 /* AppDelegate.swift in Sources */,
				43F368A81FE3EECB00D36787 /* ForecastViewModel.swift in Sources */,
			);
			runOnlyForDeploymentPostprocessing = 0;
		};
		433BA42D1FE2BCBB00986088 /* Sources */ = {
			isa = PBXSourcesBuildPhase;
			buildActionMask = 2147483647;
			files = (
				433BA4361FE2BCBB00986088 /* WeatherTrackerTests.swift in Sources */,
			);
			runOnlyForDeploymentPostprocessing = 0;
		};
		433BA4381FE2BCBB00986088 /* Sources */ = {
			isa = PBXSourcesBuildPhase;
			buildActionMask = 2147483647;
			files = (
				433BA4411FE2BCBB00986088 /* WeatherTrackerUITests.swift in Sources */,
			);
			runOnlyForDeploymentPostprocessing = 0;
		};
/* End PBXSourcesBuildPhase section */

/* Begin PBXTargetDependency section */
		433BA4331FE2BCBB00986088 /* PBXTargetDependency */ = {
			isa = PBXTargetDependency;
			target = 433BA4191FE2BCBB00986088 /* WeatherTracker */;
			targetProxy = 433BA4321FE2BCBB00986088 /* PBXContainerItemProxy */;
		};
		433BA43E1FE2BCBB00986088 /* PBXTargetDependency */ = {
			isa = PBXTargetDependency;
			target = 433BA4191FE2BCBB00986088 /* WeatherTracker */;
			targetProxy = 433BA43D1FE2BCBB00986088 /* PBXContainerItemProxy */;
		};
/* End PBXTargetDependency section */

/* Begin PBXVariantGroup section */
		43E915BB1FEA379F000D0087 /* LaunchScreen.storyboard */ = {
			isa = PBXVariantGroup;
			children = (
				43E915BC1FEA379F000D0087 /* Base */,
			);
			name = LaunchScreen.storyboard;
			sourceTree = "<group>";
		};
		43E915BD1FEA379F000D0087 /* Main.storyboard */ = {
			isa = PBXVariantGroup;
			children = (
				43E915BE1FEA379F000D0087 /* Base */,
			);
			name = Main.storyboard;
			sourceTree = "<group>";
		};
/* End PBXVariantGroup section */

/* Begin XCBuildConfiguration section */
		433BA4431FE2BCBB00986088 /* Debug */ = {
			isa = XCBuildConfiguration;
			buildSettings = {
				ALWAYS_SEARCH_USER_PATHS = NO;
				CLANG_ANALYZER_NONNULL = YES;
				CLANG_ANALYZER_NUMBER_OBJECT_CONVERSION = YES_AGGRESSIVE;
				CLANG_CXX_LANGUAGE_STANDARD = "gnu++14";
				CLANG_CXX_LIBRARY = "libc++";
				CLANG_ENABLE_MODULES = YES;
				CLANG_ENABLE_OBJC_ARC = YES;
				CLANG_WARN_BLOCK_CAPTURE_AUTORELEASING = YES;
				CLANG_WARN_BOOL_CONVERSION = YES;
				CLANG_WARN_COMMA = YES;
				CLANG_WARN_CONSTANT_CONVERSION = YES;
				CLANG_WARN_DIRECT_OBJC_ISA_USAGE = YES_ERROR;
				CLANG_WARN_DOCUMENTATION_COMMENTS = YES;
				CLANG_WARN_EMPTY_BODY = YES;
				CLANG_WARN_ENUM_CONVERSION = YES;
				CLANG_WARN_INFINITE_RECURSION = YES;
				CLANG_WARN_INT_CONVERSION = YES;
				CLANG_WARN_NON_LITERAL_NULL_CONVERSION = YES;
				CLANG_WARN_OBJC_LITERAL_CONVERSION = YES;
				CLANG_WARN_OBJC_ROOT_CLASS = YES_ERROR;
				CLANG_WARN_RANGE_LOOP_ANALYSIS = YES;
				CLANG_WARN_STRICT_PROTOTYPES = YES;
				CLANG_WARN_SUSPICIOUS_MOVE = YES;
				CLANG_WARN_UNGUARDED_AVAILABILITY = YES_AGGRESSIVE;
				CLANG_WARN_UNREACHABLE_CODE = YES;
				CLANG_WARN__DUPLICATE_METHOD_MATCH = YES;
				CODE_SIGN_IDENTITY = "iPhone Developer";
				COPY_PHASE_STRIP = NO;
				DEBUG_INFORMATION_FORMAT = dwarf;
				ENABLE_STRICT_OBJC_MSGSEND = YES;
				ENABLE_TESTABILITY = YES;
				GCC_C_LANGUAGE_STANDARD = gnu11;
				GCC_DYNAMIC_NO_PIC = NO;
				GCC_NO_COMMON_BLOCKS = YES;
				GCC_OPTIMIZATION_LEVEL = 0;
				GCC_PREPROCESSOR_DEFINITIONS = (
					"DEBUG=1",
					"$(inherited)",
				);
				GCC_WARN_64_TO_32_BIT_CONVERSION = YES;
				GCC_WARN_ABOUT_RETURN_TYPE = YES_ERROR;
				GCC_WARN_UNDECLARED_SELECTOR = YES;
				GCC_WARN_UNINITIALIZED_AUTOS = YES_AGGRESSIVE;
				GCC_WARN_UNUSED_FUNCTION = YES;
				GCC_WARN_UNUSED_VARIABLE = YES;
				IPHONEOS_DEPLOYMENT_TARGET = 11.1;
				MTL_ENABLE_DEBUG_INFO = YES;
				ONLY_ACTIVE_ARCH = YES;
				SDKROOT = iphoneos;
				SWIFT_ACTIVE_COMPILATION_CONDITIONS = DEBUG;
				SWIFT_OPTIMIZATION_LEVEL = "-Onone";
			};
			name = Debug;
		};
		433BA4441FE2BCBB00986088 /* Release */ = {
			isa = XCBuildConfiguration;
			buildSettings = {
				ALWAYS_SEARCH_USER_PATHS = NO;
				CLANG_ANALYZER_NONNULL = YES;
				CLANG_ANALYZER_NUMBER_OBJECT_CONVERSION = YES_AGGRESSIVE;
				CLANG_CXX_LANGUAGE_STANDARD = "gnu++14";
				CLANG_CXX_LIBRARY = "libc++";
				CLANG_ENABLE_MODULES = YES;
				CLANG_ENABLE_OBJC_ARC = YES;
				CLANG_WARN_BLOCK_CAPTURE_AUTORELEASING = YES;
				CLANG_WARN_BOOL_CONVERSION = YES;
				CLANG_WARN_COMMA = YES;
				CLANG_WARN_CONSTANT_CONVERSION = YES;
				CLANG_WARN_DIRECT_OBJC_ISA_USAGE = YES_ERROR;
				CLANG_WARN_DOCUMENTATION_COMMENTS = YES;
				CLANG_WARN_EMPTY_BODY = YES;
				CLANG_WARN_ENUM_CONVERSION = YES;
				CLANG_WARN_INFINITE_RECURSION = YES;
				CLANG_WARN_INT_CONVERSION = YES;
				CLANG_WARN_NON_LITERAL_NULL_CONVERSION = YES;
				CLANG_WARN_OBJC_LITERAL_CONVERSION = YES;
				CLANG_WARN_OBJC_ROOT_CLASS = YES_ERROR;
				CLANG_WARN_RANGE_LOOP_ANALYSIS = YES;
				CLANG_WARN_STRICT_PROTOTYPES = YES;
				CLANG_WARN_SUSPICIOUS_MOVE = YES;
				CLANG_WARN_UNGUARDED_AVAILABILITY = YES_AGGRESSIVE;
				CLANG_WARN_UNREACHABLE_CODE = YES;
				CLANG_WARN__DUPLICATE_METHOD_MATCH = YES;
				CODE_SIGN_IDENTITY = "iPhone Developer";
				COPY_PHASE_STRIP = NO;
				DEBUG_INFORMATION_FORMAT = "dwarf-with-dsym";
				ENABLE_NS_ASSERTIONS = NO;
				ENABLE_STRICT_OBJC_MSGSEND = YES;
				GCC_C_LANGUAGE_STANDARD = gnu11;
				GCC_NO_COMMON_BLOCKS = YES;
				GCC_WARN_64_TO_32_BIT_CONVERSION = YES;
				GCC_WARN_ABOUT_RETURN_TYPE = YES_ERROR;
				GCC_WARN_UNDECLARED_SELECTOR = YES;
				GCC_WARN_UNINITIALIZED_AUTOS = YES_AGGRESSIVE;
				GCC_WARN_UNUSED_FUNCTION = YES;
				GCC_WARN_UNUSED_VARIABLE = YES;
				IPHONEOS_DEPLOYMENT_TARGET = 11.1;
				MTL_ENABLE_DEBUG_INFO = NO;
				SDKROOT = iphoneos;
				SWIFT_OPTIMIZATION_LEVEL = "-Owholemodule";
				VALIDATE_PRODUCT = YES;
			};
			name = Release;
		};
		433BA4461FE2BCBB00986088 /* Debug */ = {
			isa = XCBuildConfiguration;
			baseConfigurationReference = EFDFB0F124012D5D8B32D8C0 /* Pods-WeatherTracker.debug.xcconfig */;
			buildSettings = {
				ASSETCATALOG_COMPILER_APPICON_NAME = AppIcon;
				CODE_SIGN_STYLE = Automatic;
				INFOPLIST_FILE = WeatherTracker/Info.plist;
				LD_RUNPATH_SEARCH_PATHS = "$(inherited) @executable_path/Frameworks";
				PRODUCT_BUNDLE_IDENTIFIER = com.wipro.WeatherTracker;
				PRODUCT_NAME = "$(TARGET_NAME)";
				SWIFT_VERSION = 4.0;
				TARGETED_DEVICE_FAMILY = "1,2";
			};
			name = Debug;
		};
		433BA4471FE2BCBB00986088 /* Release */ = {
			isa = XCBuildConfiguration;
			baseConfigurationReference = 41067F9AD89462775DF4507E /* Pods-WeatherTracker.release.xcconfig */;
			buildSettings = {
				ASSETCATALOG_COMPILER_APPICON_NAME = AppIcon;
				CODE_SIGN_STYLE = Automatic;
				INFOPLIST_FILE = WeatherTracker/Info.plist;
				LD_RUNPATH_SEARCH_PATHS = "$(inherited) @executable_path/Frameworks";
				PRODUCT_BUNDLE_IDENTIFIER = com.wipro.WeatherTracker;
				PRODUCT_NAME = "$(TARGET_NAME)";
				SWIFT_VERSION = 4.0;
				TARGETED_DEVICE_FAMILY = "1,2";
			};
			name = Release;
		};
		433BA4491FE2BCBB00986088 /* Debug */ = {
			isa = XCBuildConfiguration;
			baseConfigurationReference = 16A2F84D6D654B9BAF96C1A2 /* Pods-WeatherTrackerTests.debug.xcconfig */;
			buildSettings = {
				ALWAYS_EMBED_SWIFT_STANDARD_LIBRARIES = YES;
				BUNDLE_LOADER = "$(TEST_HOST)";
				CODE_SIGN_STYLE = Automatic;
				INFOPLIST_FILE = WeatherTrackerTests/Info.plist;
				LD_RUNPATH_SEARCH_PATHS = "$(inherited) @executable_path/Frameworks @loader_path/Frameworks";
				PRODUCT_BUNDLE_IDENTIFIER = com.wipro.WeatherTrackerTests;
				PRODUCT_NAME = "$(TARGET_NAME)";
				SWIFT_VERSION = 4.0;
				TARGETED_DEVICE_FAMILY = "1,2";
				TEST_HOST = "$(BUILT_PRODUCTS_DIR)/WeatherTracker.app/WeatherTracker";
			};
			name = Debug;
		};
		433BA44A1FE2BCBB00986088 /* Release */ = {
			isa = XCBuildConfiguration;
			baseConfigurationReference = A4F9A663C6C06A5D8809C3F1 /* Pods-WeatherTrackerTests.release.xcconfig */;
			buildSettings = {
				ALWAYS_EMBED_SWIFT_STANDARD_LIBRARIES = YES;
				BUNDLE_LOADER = "$(TEST_HOST)";
				CODE_SIGN_STYLE = Automatic;
				INFOPLIST_FILE = WeatherTrackerTests/Info.plist;
				LD_RUNPATH_SEARCH_PATHS = "$(inherited) @executable_path/Frameworks @loader_path/Frameworks";
				PRODUCT_BUNDLE_IDENTIFIER = com.wipro.WeatherTrackerTests;
				PRODUCT_NAME = "$(TARGET_NAME)";
				SWIFT_VERSION = 4.0;
				TARGETED_DEVICE_FAMILY = "1,2";
				TEST_HOST = "$(BUILT_PRODUCTS_DIR)/WeatherTracker.app/WeatherTracker";
			};
			name = Release;
		};
		433BA44C1FE2BCBB00986088 /* Debug */ = {
			isa = XCBuildConfiguration;
			baseConfigurationReference = 57B808FB266762337E8FD276 /* Pods-WeatherTrackerUITests.debug.xcconfig */;
			buildSettings = {
				ALWAYS_EMBED_SWIFT_STANDARD_LIBRARIES = YES;
				CODE_SIGN_STYLE = Automatic;
				INFOPLIST_FILE = WeatherTrackerUITests/Info.plist;
				LD_RUNPATH_SEARCH_PATHS = "$(inherited) @executable_path/Frameworks @loader_path/Frameworks";
				PRODUCT_BUNDLE_IDENTIFIER = com.wipro.WeatherTrackerUITests;
				PRODUCT_NAME = "$(TARGET_NAME)";
				SWIFT_VERSION = 4.0;
				TARGETED_DEVICE_FAMILY = "1,2";
				TEST_TARGET_NAME = WeatherTracker;
			};
			name = Debug;
		};
		433BA44D1FE2BCBB00986088 /* Release */ = {
			isa = XCBuildConfiguration;
			baseConfigurationReference = F9D18786FBE12DC3CF55C51B /* Pods-WeatherTrackerUITests.release.xcconfig */;
			buildSettings = {
				ALWAYS_EMBED_SWIFT_STANDARD_LIBRARIES = YES;
				CODE_SIGN_STYLE = Automatic;
				INFOPLIST_FILE = WeatherTrackerUITests/Info.plist;
				LD_RUNPATH_SEARCH_PATHS = "$(inherited) @executable_path/Frameworks @loader_path/Frameworks";
				PRODUCT_BUNDLE_IDENTIFIER = com.wipro.WeatherTrackerUITests;
				PRODUCT_NAME = "$(TARGET_NAME)";
				SWIFT_VERSION = 4.0;
				TARGETED_DEVICE_FAMILY = "1,2";
				TEST_TARGET_NAME = WeatherTracker;
			};
			name = Release;
		};
/* End XCBuildConfiguration section */

/* Begin XCConfigurationList section */
		433BA4151FE2BCBB00986088 /* Build configuration list for PBXProject "WeatherTracker" */ = {
			isa = XCConfigurationList;
			buildConfigurations = (
				433BA4431FE2BCBB00986088 /* Debug */,
				433BA4441FE2BCBB00986088 /* Release */,
			);
			defaultConfigurationIsVisible = 0;
			defaultConfigurationName = Release;
		};
		433BA4451FE2BCBB00986088 /* Build configuration list for PBXNativeTarget "WeatherTracker" */ = {
			isa = XCConfigurationList;
			buildConfigurations = (
				433BA4461FE2BCBB00986088 /* Debug */,
				433BA4471FE2BCBB00986088 /* Release */,
			);
			defaultConfigurationIsVisible = 0;
			defaultConfigurationName = Release;
		};
		433BA4481FE2BCBB00986088 /* Build configuration list for PBXNativeTarget "WeatherTrackerTests" */ = {
			isa = XCConfigurationList;
			buildConfigurations = (
				433BA4491FE2BCBB00986088 /* Debug */,
				433BA44A1FE2BCBB00986088 /* Release */,
			);
			defaultConfigurationIsVisible = 0;
			defaultConfigurationName = Release;
		};
		433BA44B1FE2BCBB00986088 /* Build configuration list for PBXNativeTarget "WeatherTrackerUITests" */ = {
			isa = XCConfigurationList;
			buildConfigurations = (
				433BA44C1FE2BCBB00986088 /* Debug */,
				433BA44D1FE2BCBB00986088 /* Release */,
			);
			defaultConfigurationIsVisible = 0;
			defaultConfigurationName = Release;
		};
/* End XCConfigurationList section */

/* Begin XCVersionGroup section */
		433BA4241FE2BCBB00986088 /* WeatherTracker.xcdatamodeld */ = {
			isa = XCVersionGroup;
			children = (
				433BA4251FE2BCBB00986088 /* WeatherTracker.xcdatamodel */,
			);
			currentVersion = 433BA4251FE2BCBB00986088 /* WeatherTracker.xcdatamodel */;
			path = WeatherTracker.xcdatamodeld;
			sourceTree = "<group>";
			versionGroupType = wrapper.xcdatamodel;
		};
/* End XCVersionGroup section */
	};
	rootObject = 433BA4121FE2BCBB00986088 /* Project object */;
}
